
Microsoft Visual Studio Solution File, Format Version 12.00
# Visual Studio Version 17
VisualStudioVersion = 17.7.34031.279
MinimumVisualStudioVersion = 10.0.40219.1
Project("{8BC9CEB8-8B4A-11D0-8D11-00A0C91BC942}") = "CS405 Buffer_Overflow", "CS405 Buffer_Overflow.vcxproj", "{91AAFA64-90C0-4A6E-984C-D8DCDAEFDD0C}"
EndProject
Global
	GlobalSection(SolutionConfigurationPlatforms) = preSolution
		Debug|x64 = Debug|x64
		Debug|x86 = Debug|x86
		Release|x64 = Release|x64
		Release|x86 = Release|x86
	EndGlobalSection
	GlobalSection(ProjectConfigurationPlatforms) = postSolution
		{91AAFA64-90C0-4A6E-984C-D8DCDAEFDD0C}.Debug|x64.ActiveCfg = Debug|x64
		{91AAFA64-90C0-4A6E-984C-D8DCDAEFDD0C}.Debug|x64.Build.0 = Debug|x64
		{91AAFA64-90C0-4A6E-984C-D8DCDAEFDD0C}.Debug|x86.ActiveCfg = Debug|Win32
		{91AAFA64-90C0-4A6E-984C-D8DCDAEFDD0C}.Debug|x86.Build.0 = Debug|Win32
		{91AAFA64-90C0-4A6E-984C-D8DCDAEFDD0C}.Release|x64.ActiveCfg = Release|x64
		{91AAFA64-90C0-4A6E-984C-D8DCDAEFDD0C}.Release|x64.Build.0 = Release|x64
		{91AAFA64-90C0-4A6E-984C-D8DCDAEFDD0C}.Release|x86.ActiveCfg = Release|Win32
		{91AAFA64-90C0-4A6E-984C-D8DCDAEFDD0C}.Release|x86.Build.0 = Release|Win32
	EndGlobalSection
	GlobalSection(SolutionProperties) = preSolution
		HideSolutionNode = FALSE
	EndGlobalSection
	GlobalSection(ExtensibilityGlobals) = postSolution
		SolutionGuid = {04311D00-D38B-44D2-9EF0-5C18ADBBC24B}
	EndGlobalSection
EndGlobal
